github.com/oarkflow/date v0.0.4 h1:EwY/wiS3CqZNBx7b2x+3kkJwVNuGk+G0dls76kL/fhU=
github.com/oarkflow/date v0.0.4/go.mod h1:xQTFc6p6O5VX6J75ZrPJbelIFGca1ASmhpgirFqL8vM=
github.com/oarkflow/dipper v0.0.6 h1:E+ak9i4R1lxx0B04CjfG5DTLTmwuWA1nrdS6KIHdUxQ=
github.com/oarkflow/dipper v0.0.6/go.mod h1:bnXQ6465eP8WZ9U3M7R24zeBG3P6IU5SASuvpAyCD9w=
github.com/oarkflow/errors v0.0.6 h1:qTBzVblrX6bFbqYLfatsrZHMBPchOZiIE3pfVzh1+k8=
github.com/oarkflow/errors v0.0.6/go.mod h1:UETn0Q55PJ+YUbpR4QImIoBavd6QvJtyW/oeTT7ghZM=
github.com/oarkflow/expr v0.0.11 h1:H6h+dIUlU+xDlijMXKQCh7TdE6MGVoFPpZU7q/dziRI=
github.com/oarkflow/expr v0.0.11/go.mod h1:WgMZqP44h7SBwKyuGZwC15vj46lHtI0/QpKdEZpRVE4=
github.com/oarkflow/json v0.0.13 h1:/ZKW924/v4U1ht34WY7rj/GC/qW9+10IiV5+MR2vO0A=
github.com/oarkflow/json v0.0.13/go.mod h1:S5BZA4/rM87+MY8mFrga3jISzxCL9RtLE6xHSk63VxI=
github.com/oarkflow/xid v1.2.5 h1:6RcNJm9+oZ/B647gkME9trCzhpxGQaSdNoD56Vmkeho=
github.com/oarkflow/xid v1.2.5/go.mod h1:jG4YBh+swbjlWApGWDBYnsJEa7hi3CCpmuqhB3RAxVo=
golang.org/x/exp v0.0.0-20241009180824-f66d83c29e7c h1:7dEasQXItcW1xKJ2+gg5VOiBnqWrJc+rq0DPKyvvdbY=
golang.org/x/exp v0.0.0-20241009180824-f66d83c29e7c/go.mod h1:NQtJDoLvd6faHhE7m4T/1IY708gDefGGjR/iUW8yQQ8=
golang.org/x/time v0.7.0 h1:ntUhktv3OPE6TgYxXWv9vKvUSJyIFJlyohwbkEwPrKQ=
golang.org/x/time v0.7.0/go.mod h1:3BpzKBy/shNhVucY/MWOyx10tF3SFh9QdLuxbVysPQM=
